
Microsoft Visual Studio Solution File, Format Version 12.00
# Visual Studio Version 17
VisualStudioVersion = 17.3.32929.385
MinimumVisualStudioVersion = 10.0.40219.1
Project("{FAE04EC0-301F-11D3-BF4B-00C04F79EFBC}") = "kt", "kt\kt.csproj", "{D353CEB9-4FD7-4E71-9619-0B33F55D33F1}"
EndProject
Global
	GlobalSection(SolutionConfigurationPlatforms) = preSolution
		Debug|Any CPU = Debug|Any CPU
		Release|Any CPU = Release|Any CPU
	EndGlobalSection
	GlobalSection(ProjectConfigurationPlatforms) = postSolution
		{D353CEB9-4FD7-4E71-9619-0B33F55D33F1}.Debug|Any CPU.ActiveCfg = Debug|Any CPU
		{D353CEB9-4FD7-4E71-9619-0B33F55D33F1}.Debug|Any CPU.Build.0 = Debug|Any CPU
		{D353CEB9-4FD7-4E71-9619-0B33F55D33F1}.Release|Any CPU.ActiveCfg = Release|Any CPU
		{D353CEB9-4FD7-4E71-9619-0B33F55D33F1}.Release|Any CPU.Build.0 = Release|Any CPU
	EndGlobalSection
	GlobalSection(SolutionProperties) = preSolution
		HideSolutionNode = FALSE
	EndGlobalSection
	GlobalSection(ExtensibilityGlobals) = postSolution
		SolutionGuid = {1BC91F4A-1236-4653-AF74-509E136AA9B8}
	EndGlobalSection
EndGlobal
